# Generated automatically by docgov. Do not edit manually.
protocol_version: '6.0'
upstream:
  source: https://github.com/ming2k/docs-governance
  ref: v0.0.3
  synced_at: 2026-09-27T03:22:13Z
artifacts:
  agent_directives:
    target: AGENTS.md
    hash: sha256:88899a39d7a5b0ffde0a3b9f8c4a8e719d30ecaf2a00e1cb07c003869b854bb2
  governance_docs:
    target: docs/governance/documentation
    hash: sha256:754f2640fa897c6d699b1b4c3c5311b27c83b4512d34a05cd4fc7021b0248f72
